
Microsoft Visual Studio Solution File, Format Version 12.00
# Visual Studio Version 18
VisualStudioVersion = 18.0.11217.181
MinimumVisualStudioVersion = 10.0.40219.1
Project("{9A19103F-16F7-4668-BE54-9A1E7A4F7556}") = "Vrtule", "ConsoleApp15\Vrtule.csproj", "{3EB0A4E4-4E0F-4572-964E-6F8EE17E0C1A}"
EndProject
Project("{2150E333-8FDC-42A3-9474-1A3956D46DE8}") = "Solution Items", "Solution Items", "{449D5A0B-93AF-49A3-9E5E-FA2A4F7310CA}"
	ProjectSection(SolutionItems) = preProject
		README.md = README.md
	EndProjectSection
EndProject
Project("{9A19103F-16F7-4668-BE54-9A1E7A4F7556}") = "NavalNaThreadPoolu", "AsyncDemo2\NavalNaThreadPoolu.csproj", "{74F0F943-EBB2-4231-A4E9-DB5DA0AEA93A}"
EndProject
Project("{9A19103F-16F7-4668-BE54-9A1E7A4F7556}") = "WaitOrDontWait", "AsyncConsole1\WaitOrDontWait.csproj", "{58218039-B51F-41F4-B9AB-93E000832C59}"
EndProject
Project("{9A19103F-16F7-4668-BE54-9A1E7A4F7556}") = "WpfAsyncDotNet", "WpfAsyncDotNet\WpfAsyncDotNet.csproj", "{DF02C2F0-A7B1-406D-B105-E1F0775C8AC1}"
EndProject
Project("{FAE04EC0-301F-11D3-BF4B-00C04F79EFBC}") = "ContinueAndWait", "ContinueAndWait\ContinueAndWait.csproj", "{D3C657B6-AE34-4BEC-9632-67CCCF17C4AC}"
EndProject
Project("{FAE04EC0-301F-11D3-BF4B-00C04F79EFBC}") = "ReturnAsyncValues", "ReturnAsyncValues\ReturnAsyncValues.csproj", "{1DA312DE-113E-40DC-A760-C1BDD129938C}"
EndProject
Global
	GlobalSection(SolutionConfigurationPlatforms) = preSolution
		Debug|Any CPU = Debug|Any CPU
		Release|Any CPU = Release|Any CPU
	EndGlobalSection
	GlobalSection(ProjectConfigurationPlatforms) = postSolution
		{3EB0A4E4-4E0F-4572-964E-6F8EE17E0C1A}.Debug|Any CPU.ActiveCfg = Debug|Any CPU
		{3EB0A4E4-4E0F-4572-964E-6F8EE17E0C1A}.Debug|Any CPU.Build.0 = Debug|Any CPU
		{3EB0A4E4-4E0F-4572-964E-6F8EE17E0C1A}.Release|Any CPU.ActiveCfg = Release|Any CPU
		{3EB0A4E4-4E0F-4572-964E-6F8EE17E0C1A}.Release|Any CPU.Build.0 = Release|Any CPU
		{74F0F943-EBB2-4231-A4E9-DB5DA0AEA93A}.Debug|Any CPU.ActiveCfg = Debug|Any CPU
		{74F0F943-EBB2-4231-A4E9-DB5DA0AEA93A}.Debug|Any CPU.Build.0 = Debug|Any CPU
		{74F0F943-EBB2-4231-A4E9-DB5DA0AEA93A}.Release|Any CPU.ActiveCfg = Release|Any CPU
		{74F0F943-EBB2-4231-A4E9-DB5DA0AEA93A}.Release|Any CPU.Build.0 = Release|Any CPU
		{58218039-B51F-41F4-B9AB-93E000832C59}.Debug|Any CPU.ActiveCfg = Debug|Any CPU
		{58218039-B51F-41F4-B9AB-93E000832C59}.Debug|Any CPU.Build.0 = Debug|Any CPU
		{58218039-B51F-41F4-B9AB-93E000832C59}.Release|Any CPU.ActiveCfg = Release|Any CPU
		{58218039-B51F-41F4-B9AB-93E000832C59}.Release|Any CPU.Build.0 = Release|Any CPU
		{DF02C2F0-A7B1-406D-B105-E1F0775C8AC1}.Debug|Any CPU.ActiveCfg = Debug|Any CPU
		{DF02C2F0-A7B1-406D-B105-E1F0775C8AC1}.Debug|Any CPU.Build.0 = Debug|Any CPU
		{DF02C2F0-A7B1-406D-B105-E1F0775C8AC1}.Release|Any CPU.ActiveCfg = Release|Any CPU
		{DF02C2F0-A7B1-406D-B105-E1F0775C8AC1}.Release|Any CPU.Build.0 = Release|Any CPU
		{D3C657B6-AE34-4BEC-9632-67CCCF17C4AC}.Debug|Any CPU.ActiveCfg = Debug|Any CPU
		{D3C657B6-AE34-4BEC-9632-67CCCF17C4AC}.Debug|Any CPU.Build.0 = Debug|Any CPU
		{D3C657B6-AE34-4BEC-9632-67CCCF17C4AC}.Release|Any CPU.ActiveCfg = Release|Any CPU
		{D3C657B6-AE34-4BEC-9632-67CCCF17C4AC}.Release|Any CPU.Build.0 = Release|Any CPU
		{1DA312DE-113E-40DC-A760-C1BDD129938C}.Debug|Any CPU.ActiveCfg = Debug|Any CPU
		{1DA312DE-113E-40DC-A760-C1BDD129938C}.Debug|Any CPU.Build.0 = Debug|Any CPU
		{1DA312DE-113E-40DC-A760-C1BDD129938C}.Release|Any CPU.ActiveCfg = Release|Any CPU
		{1DA312DE-113E-40DC-A760-C1BDD129938C}.Release|Any CPU.Build.0 = Release|Any CPU
	EndGlobalSection
	GlobalSection(SolutionProperties) = preSolution
		HideSolutionNode = FALSE
	EndGlobalSection
	GlobalSection(ExtensibilityGlobals) = postSolution
		SolutionGuid = {660F0413-5D04-46B6-89D1-454943CE619F}
	EndGlobalSection
EndGlobal
